
Microsoft Visual Studio Solution File, Format Version 12.00
# Visual Studio Version 16
VisualStudioVersion = 16.0.31129.286
MinimumVisualStudioVersion = 10.0.40219.1
Project("{9A19103F-16F7-4668-BE54-9A1E7A4F7556}") = "NovelUploader", "NovelUploader\NovelUploader.csproj", "{25A0B9A3-3720-417C-85B1-C77433A4543D}"
EndProject
Project("{FAE04EC0-301F-11D3-BF4B-00C04F79EFBC}") = "NovelUploader.Test", "NovelUploader.Test\NovelUploader.Test.csproj", "{4DBA73C1-FF0C-4E2B-8906-0C54BF7F11EF}"
EndProject
Global
	GlobalSection(SolutionConfigurationPlatforms) = preSolution
		Debug|Any CPU = Debug|Any CPU
		Release|Any CPU = Release|Any CPU
	EndGlobalSection
	GlobalSection(ProjectConfigurationPlatforms) = postSolution
		{25A0B9A3-3720-417C-85B1-C77433A4543D}.Debug|Any CPU.ActiveCfg = Debug|Any CPU
		{25A0B9A3-3720-417C-85B1-C77433A4543D}.Debug|Any CPU.Build.0 = Debug|Any CPU
		{25A0B9A3-3720-417C-85B1-C77433A4543D}.Release|Any CPU.ActiveCfg = Release|Any CPU
		{25A0B9A3-3720-417C-85B1-C77433A4543D}.Release|Any CPU.Build.0 = Release|Any CPU
		{4DBA73C1-FF0C-4E2B-8906-0C54BF7F11EF}.Debug|Any CPU.ActiveCfg = Debug|Any CPU
		{4DBA73C1-FF0C-4E2B-8906-0C54BF7F11EF}.Debug|Any CPU.Build.0 = Debug|Any CPU
		{4DBA73C1-FF0C-4E2B-8906-0C54BF7F11EF}.Release|Any CPU.ActiveCfg = Release|Any CPU
		{4DBA73C1-FF0C-4E2B-8906-0C54BF7F11EF}.Release|Any CPU.Build.0 = Release|Any CPU
	EndGlobalSection
	GlobalSection(SolutionProperties) = preSolution
		HideSolutionNode = FALSE
	EndGlobalSection
	GlobalSection(ExtensibilityGlobals) = postSolution
		SolutionGuid = {EB6C1232-EEFF-4F4D-A650-609EE14837E5}
	EndGlobalSection
EndGlobal
